
Microsoft Visual Studio Solution File, Format Version 12.00
# Visual Studio Version 16
VisualStudioVersion = 16.0.31205.134
MinimumVisualStudioVersion = 10.0.40219.1
Project("{FAE04EC0-301F-11D3-BF4B-00C04F79EFBC}") = "ExerciciosArrayList", "ExerciciosArrayList\ExerciciosArrayList.csproj", "{9D881D97-7252-43A8-B460-ACF523F969E7}"
EndProject
Global
	GlobalSection(SolutionConfigurationPlatforms) = preSolution
		Debug|Any CPU = Debug|Any CPU
		Release|Any CPU = Release|Any CPU
	EndGlobalSection
	GlobalSection(ProjectConfigurationPlatforms) = postSolution
		{9D881D97-7252-43A8-B460-ACF523F969E7}.Debug|Any CPU.ActiveCfg = Debug|Any CPU
		{9D881D97-7252-43A8-B460-ACF523F969E7}.Debug|Any CPU.Build.0 = Debug|Any CPU
		{9D881D97-7252-43A8-B460-ACF523F969E7}.Release|Any CPU.ActiveCfg = Release|Any CPU
		{9D881D97-7252-43A8-B460-ACF523F969E7}.Release|Any CPU.Build.0 = Release|Any CPU
	EndGlobalSection
	GlobalSection(SolutionProperties) = preSolution
		HideSolutionNode = FALSE
	EndGlobalSection
	GlobalSection(ExtensibilityGlobals) = postSolution
		SolutionGuid = {8A278367-864C-4B31-9894-5C38302B49CF}
	EndGlobalSection
EndGlobal
