
Microsoft Visual Studio Solution File, Format Version 12.00
# Visual Studio Version 16
VisualStudioVersion = 16.0.31129.286
MinimumVisualStudioVersion = 10.0.40219.1
Project("{FAE04EC0-301F-11D3-BF4B-00C04F79EFBC}") = "CalcularAreaTriangulos", "CalcularAreaTriangulos\CalcularAreaTriangulos.csproj", "{4DB3D5A1-7C1B-4082-B2A9-4B31ECCCC5E3}"
EndProject
Global
	GlobalSection(SolutionConfigurationPlatforms) = preSolution
		Debug|Any CPU = Debug|Any CPU
		Release|Any CPU = Release|Any CPU
	EndGlobalSection
	GlobalSection(ProjectConfigurationPlatforms) = postSolution
		{4DB3D5A1-7C1B-4082-B2A9-4B31ECCCC5E3}.Debug|Any CPU.ActiveCfg = Debug|Any CPU
		{4DB3D5A1-7C1B-4082-B2A9-4B31ECCCC5E3}.Debug|Any CPU.Build.0 = Debug|Any CPU
		{4DB3D5A1-7C1B-4082-B2A9-4B31ECCCC5E3}.Release|Any CPU.ActiveCfg = Release|Any CPU
		{4DB3D5A1-7C1B-4082-B2A9-4B31ECCCC5E3}.Release|Any CPU.Build.0 = Release|Any CPU
	EndGlobalSection
	GlobalSection(SolutionProperties) = preSolution
		HideSolutionNode = FALSE
	EndGlobalSection
	GlobalSection(ExtensibilityGlobals) = postSolution
		SolutionGuid = {4F072B83-9B0E-4A39-9781-DE14C76CE3C3}
	EndGlobalSection
EndGlobal
